
Microsoft Visual Studio Solution File, Format Version 12.00
# Visual Studio Version 17
VisualStudioVersion = 17.9.34607.119
MinimumVisualStudioVersion = 10.0.40219.1
Project("{FAE04EC0-301F-11D3-BF4B-00C04F79EFBC}") = "TgDriveBot", "TgDriveBot.csproj", "{075563DB-7CE6-4CB2-B83A-84EF492DCA15}"
EndProject
Global
	GlobalSection(SolutionConfigurationPlatforms) = preSolution
		Debug|Any CPU = Debug|Any CPU
		Release|Any CPU = Release|Any CPU
	EndGlobalSection
	GlobalSection(ProjectConfigurationPlatforms) = postSolution
		{075563DB-7CE6-4CB2-B83A-84EF492DCA15}.Debug|Any CPU.ActiveCfg = Debug|Any CPU
		{075563DB-7CE6-4CB2-B83A-84EF492DCA15}.Debug|Any CPU.Build.0 = Debug|Any CPU
		{075563DB-7CE6-4CB2-B83A-84EF492DCA15}.Release|Any CPU.ActiveCfg = Release|Any CPU
		{075563DB-7CE6-4CB2-B83A-84EF492DCA15}.Release|Any CPU.Build.0 = Release|Any CPU
	EndGlobalSection
	GlobalSection(SolutionProperties) = preSolution
		HideSolutionNode = FALSE
	EndGlobalSection
	GlobalSection(ExtensibilityGlobals) = postSolution
		SolutionGuid = {E44487C6-EA30-4458-A52E-90E8D9DD961D}
	EndGlobalSection
EndGlobal
